
Microsoft Visual Studio Solution File, Format Version 12.00
# Visual Studio Version 16
VisualStudioVersion = 16.0.31005.135
MinimumVisualStudioVersion = 10.0.40219.1
Project("{FAE04EC0-301F-11D3-BF4B-00C04F79EFBC}") = "WebAPI", "WebAPI\WebAPI.csproj", "{78C476A5-E266-45C1-B9CB-6745EC1607E3}"
EndProject
Project("{FAE04EC0-301F-11D3-BF4B-00C04F79EFBC}") = "ConsoleApp1", "ConsoleApp1\ConsoleApp1.csproj", "{403F24A8-98B9-446F-94C9-5F59E0D8827E}"
EndProject
Global
	GlobalSection(SolutionConfigurationPlatforms) = preSolution
		Debug|Any CPU = Debug|Any CPU
		Release|Any CPU = Release|Any CPU
	EndGlobalSection
	GlobalSection(ProjectConfigurationPlatforms) = postSolution
		{78C476A5-E266-45C1-B9CB-6745EC1607E3}.Debug|Any CPU.ActiveCfg = Debug|Any CPU
		{78C476A5-E266-45C1-B9CB-6745EC1607E3}.Debug|Any CPU.Build.0 = Debug|Any CPU
		{78C476A5-E266-45C1-B9CB-6745EC1607E3}.Release|Any CPU.ActiveCfg = Release|Any CPU
		{78C476A5-E266-45C1-B9CB-6745EC1607E3}.Release|Any CPU.Build.0 = Release|Any CPU
		{403F24A8-98B9-446F-94C9-5F59E0D8827E}.Debug|Any CPU.ActiveCfg = Debug|Any CPU
		{403F24A8-98B9-446F-94C9-5F59E0D8827E}.Debug|Any CPU.Build.0 = Debug|Any CPU
		{403F24A8-98B9-446F-94C9-5F59E0D8827E}.Release|Any CPU.ActiveCfg = Release|Any CPU
		{403F24A8-98B9-446F-94C9-5F59E0D8827E}.Release|Any CPU.Build.0 = Release|Any CPU
	EndGlobalSection
	GlobalSection(SolutionProperties) = preSolution
		HideSolutionNode = FALSE
	EndGlobalSection
	GlobalSection(ExtensibilityGlobals) = postSolution
		SolutionGuid = {D4072259-9F1B-4B46-A83E-3A66C87E2CDC}
	EndGlobalSection
EndGlobal
